
Microsoft Visual Studio Solution File, Format Version 12.00
# Visual Studio 15
Project("{FAE04EC0-301F-11D3-BF4B-00C04F79EFBC}") = "0_1StudentInformation", "0_1StudentInformation.csproj", "{F25EB693-029E-483B-8904-DAA72AF915C0}"
EndProject
Global
	GlobalSection(SolutionConfigurationPlatforms) = preSolution
		Debug|Any CPU = Debug|Any CPU
		Release|Any CPU = Release|Any CPU
	EndGlobalSection
	GlobalSection(ProjectConfigurationPlatforms) = postSolution
		{F25EB693-029E-483B-8904-DAA72AF915C0}.Debug|Any CPU.ActiveCfg = Debug|Any CPU
		{F25EB693-029E-483B-8904-DAA72AF915C0}.Debug|Any CPU.Build.0 = Debug|Any CPU
		{F25EB693-029E-483B-8904-DAA72AF915C0}.Release|Any CPU.ActiveCfg = Release|Any CPU
		{F25EB693-029E-483B-8904-DAA72AF915C0}.Release|Any CPU.Build.0 = Release|Any CPU
	EndGlobalSection
EndGlobal
