
Microsoft Visual Studio Solution File, Format Version 12.00
# Visual Studio 15
Project("{FAE04EC0-301F-11D3-BF4B-00C04F79EFBC}") = "012RefactorSpecialNumbers", "012RefactorSpecialNumbers\012RefactorSpecialNumbers.csproj", "{A04ED0B5-DC7E-4488-A119-41D66E2E23A4}"
EndProject
Global
	GlobalSection(SolutionConfigurationPlatforms) = preSolution
		Debug|Any CPU = Debug|Any CPU
		Release|Any CPU = Release|Any CPU
	EndGlobalSection
	GlobalSection(ProjectConfigurationPlatforms) = postSolution
		{A04ED0B5-DC7E-4488-A119-41D66E2E23A4}.Debug|Any CPU.ActiveCfg = Debug|Any CPU
		{A04ED0B5-DC7E-4488-A119-41D66E2E23A4}.Debug|Any CPU.Build.0 = Debug|Any CPU
		{A04ED0B5-DC7E-4488-A119-41D66E2E23A4}.Release|Any CPU.ActiveCfg = Release|Any CPU
		{A04ED0B5-DC7E-4488-A119-41D66E2E23A4}.Release|Any CPU.Build.0 = Release|Any CPU
	EndGlobalSection
EndGlobal
