
Microsoft Visual Studio Solution File, Format Version 12.00
# Visual Studio 15
Project("{FAE04EC0-301F-11D3-BF4B-00C04F79EFBC}") = "05SpecialNumbers", "05SpecialNumbers\05SpecialNumbers.csproj", "{D16D8D7B-1C7D-423B-9DFA-847774ACF38F}"
EndProject
Global
	GlobalSection(SolutionConfigurationPlatforms) = preSolution
		Debug|Any CPU = Debug|Any CPU
		Release|Any CPU = Release|Any CPU
	EndGlobalSection
	GlobalSection(ProjectConfigurationPlatforms) = postSolution
		{D16D8D7B-1C7D-423B-9DFA-847774ACF38F}.Debug|Any CPU.ActiveCfg = Debug|Any CPU
		{D16D8D7B-1C7D-423B-9DFA-847774ACF38F}.Debug|Any CPU.Build.0 = Debug|Any CPU
		{D16D8D7B-1C7D-423B-9DFA-847774ACF38F}.Release|Any CPU.ActiveCfg = Release|Any CPU
		{D16D8D7B-1C7D-423B-9DFA-847774ACF38F}.Release|Any CPU.Build.0 = Release|Any CPU
	EndGlobalSection
EndGlobal
