
Microsoft Visual Studio Solution File, Format Version 12.00
# Visual Studio 15
Project("{FAE04EC0-301F-11D3-BF4B-00C04F79EFBC}") = "1_3Vacation", "1_3Vacation\1_3Vacation.csproj", "{3F75B44E-F61A-457D-9EFC-3804E1205F49}"
EndProject
Global
	GlobalSection(SolutionConfigurationPlatforms) = preSolution
		Debug|Any CPU = Debug|Any CPU
		Release|Any CPU = Release|Any CPU
	EndGlobalSection
	GlobalSection(ProjectConfigurationPlatforms) = postSolution
		{3F75B44E-F61A-457D-9EFC-3804E1205F49}.Debug|Any CPU.ActiveCfg = Debug|Any CPU
		{3F75B44E-F61A-457D-9EFC-3804E1205F49}.Debug|Any CPU.Build.0 = Debug|Any CPU
		{3F75B44E-F61A-457D-9EFC-3804E1205F49}.Release|Any CPU.ActiveCfg = Release|Any CPU
		{3F75B44E-F61A-457D-9EFC-3804E1205F49}.Release|Any CPU.Build.0 = Release|Any CPU
	EndGlobalSection
EndGlobal
