
Microsoft Visual Studio Solution File, Format Version 12.00
# Visual Studio 15
Project("{FAE04EC0-301F-11D3-BF4B-00C04F79EFBC}") = "011RefactorVolumeOfPyramid", "011RefactorVolumeOfPyramid\011RefactorVolumeOfPyramid.csproj", "{AB9A78BC-1410-465A-B1B0-CB891D88ACED}"
EndProject
Global
	GlobalSection(SolutionConfigurationPlatforms) = preSolution
		Debug|Any CPU = Debug|Any CPU
		Release|Any CPU = Release|Any CPU
	EndGlobalSection
	GlobalSection(ProjectConfigurationPlatforms) = postSolution
		{AB9A78BC-1410-465A-B1B0-CB891D88ACED}.Debug|Any CPU.ActiveCfg = Debug|Any CPU
		{AB9A78BC-1410-465A-B1B0-CB891D88ACED}.Debug|Any CPU.Build.0 = Debug|Any CPU
		{AB9A78BC-1410-465A-B1B0-CB891D88ACED}.Release|Any CPU.ActiveCfg = Release|Any CPU
		{AB9A78BC-1410-465A-B1B0-CB891D88ACED}.Release|Any CPU.Build.0 = Release|Any CPU
	EndGlobalSection
EndGlobal
