
Microsoft Visual Studio Solution File, Format Version 12.00
# Visual Studio 15
Project("{FAE04EC0-301F-11D3-BF4B-00C04F79EFBC}") = "4SumOfChars", "4SumOfChars\4SumOfChars.csproj", "{765ACAE0-E3B6-4963-A0E7-49F0401C7997}"
EndProject
Global
	GlobalSection(SolutionConfigurationPlatforms) = preSolution
		Debug|Any CPU = Debug|Any CPU
		Release|Any CPU = Release|Any CPU
	EndGlobalSection
	GlobalSection(ProjectConfigurationPlatforms) = postSolution
		{765ACAE0-E3B6-4963-A0E7-49F0401C7997}.Debug|Any CPU.ActiveCfg = Debug|Any CPU
		{765ACAE0-E3B6-4963-A0E7-49F0401C7997}.Debug|Any CPU.Build.0 = Debug|Any CPU
		{765ACAE0-E3B6-4963-A0E7-49F0401C7997}.Release|Any CPU.ActiveCfg = Release|Any CPU
		{765ACAE0-E3B6-4963-A0E7-49F0401C7997}.Release|Any CPU.Build.0 = Release|Any CPU
	EndGlobalSection
EndGlobal
