
Microsoft Visual Studio Solution File, Format Version 12.00
# Visual Studio 15
Project("{FAE04EC0-301F-11D3-BF4B-00C04F79EFBC}") = "03CharactersInRange", "03CharactersInRange\03CharactersInRange.csproj", "{65DF9424-BD7F-4773-B8E5-7B2D4E55681C}"
EndProject
Global
	GlobalSection(SolutionConfigurationPlatforms) = preSolution
		Debug|Any CPU = Debug|Any CPU
		Release|Any CPU = Release|Any CPU
	EndGlobalSection
	GlobalSection(ProjectConfigurationPlatforms) = postSolution
		{65DF9424-BD7F-4773-B8E5-7B2D4E55681C}.Debug|Any CPU.ActiveCfg = Debug|Any CPU
		{65DF9424-BD7F-4773-B8E5-7B2D4E55681C}.Debug|Any CPU.Build.0 = Debug|Any CPU
		{65DF9424-BD7F-4773-B8E5-7B2D4E55681C}.Release|Any CPU.ActiveCfg = Release|Any CPU
		{65DF9424-BD7F-4773-B8E5-7B2D4E55681C}.Release|Any CPU.Build.0 = Release|Any CPU
	EndGlobalSection
EndGlobal
