
Microsoft Visual Studio Solution File, Format Version 12.00
# Visual Studio 15
Project("{FAE04EC0-301F-11D3-BF4B-00C04F79EFBC}") = "01SortNumbers", "01SortNumbers\01SortNumbers.csproj", "{5AED556F-6D7B-4F8A-933E-B2F76D5F6F2D}"
EndProject
Global
	GlobalSection(SolutionConfigurationPlatforms) = preSolution
		Debug|Any CPU = Debug|Any CPU
		Release|Any CPU = Release|Any CPU
	EndGlobalSection
	GlobalSection(ProjectConfigurationPlatforms) = postSolution
		{5AED556F-6D7B-4F8A-933E-B2F76D5F6F2D}.Debug|Any CPU.ActiveCfg = Debug|Any CPU
		{5AED556F-6D7B-4F8A-933E-B2F76D5F6F2D}.Debug|Any CPU.Build.0 = Debug|Any CPU
		{5AED556F-6D7B-4F8A-933E-B2F76D5F6F2D}.Release|Any CPU.ActiveCfg = Release|Any CPU
		{5AED556F-6D7B-4F8A-933E-B2F76D5F6F2D}.Release|Any CPU.Build.0 = Release|Any CPU
	EndGlobalSection
EndGlobal
