
Microsoft Visual Studio Solution File, Format Version 12.00
# Visual Studio 15
Project("{FAE04EC0-301F-11D3-BF4B-00C04F79EFBC}") = "0_11MiltiplicationTable2.0", "0_11MiltiplicationTable2.0\0_11MiltiplicationTable2.0.csproj", "{5696054B-B5BF-4109-8504-5D1236773CA9}"
EndProject
Global
	GlobalSection(SolutionConfigurationPlatforms) = preSolution
		Debug|Any CPU = Debug|Any CPU
		Release|Any CPU = Release|Any CPU
	EndGlobalSection
	GlobalSection(ProjectConfigurationPlatforms) = postSolution
		{5696054B-B5BF-4109-8504-5D1236773CA9}.Debug|Any CPU.ActiveCfg = Debug|Any CPU
		{5696054B-B5BF-4109-8504-5D1236773CA9}.Debug|Any CPU.Build.0 = Debug|Any CPU
		{5696054B-B5BF-4109-8504-5D1236773CA9}.Release|Any CPU.ActiveCfg = Release|Any CPU
		{5696054B-B5BF-4109-8504-5D1236773CA9}.Release|Any CPU.Build.0 = Release|Any CPU
	EndGlobalSection
EndGlobal
