
Microsoft Visual Studio Solution File, Format Version 12.00
# Visual Studio 15
Project("{FAE04EC0-301F-11D3-BF4B-00C04F79EFBC}") = "9SpiceMustFlow", "9SpiceMustFlow\9SpiceMustFlow.csproj", "{F18C2C1E-FBE8-42F6-B654-4A12C667F025}"
EndProject
Global
	GlobalSection(SolutionConfigurationPlatforms) = preSolution
		Debug|Any CPU = Debug|Any CPU
		Release|Any CPU = Release|Any CPU
	EndGlobalSection
	GlobalSection(ProjectConfigurationPlatforms) = postSolution
		{F18C2C1E-FBE8-42F6-B654-4A12C667F025}.Debug|Any CPU.ActiveCfg = Debug|Any CPU
		{F18C2C1E-FBE8-42F6-B654-4A12C667F025}.Debug|Any CPU.Build.0 = Debug|Any CPU
		{F18C2C1E-FBE8-42F6-B654-4A12C667F025}.Release|Any CPU.ActiveCfg = Release|Any CPU
		{F18C2C1E-FBE8-42F6-B654-4A12C667F025}.Release|Any CPU.Build.0 = Release|Any CPU
	EndGlobalSection
EndGlobal
