
Microsoft Visual Studio Solution File, Format Version 12.00
# Visual Studio 15
Project("{FAE04EC0-301F-11D3-BF4B-00C04F79EFBC}") = "07ConcatNames", "07ConcatNames\07ConcatNames.csproj", "{8E536D5E-08D1-441E-9496-CB0A7EFFDBCD}"
EndProject
Global
	GlobalSection(SolutionConfigurationPlatforms) = preSolution
		Debug|Any CPU = Debug|Any CPU
		Release|Any CPU = Release|Any CPU
	EndGlobalSection
	GlobalSection(ProjectConfigurationPlatforms) = postSolution
		{8E536D5E-08D1-441E-9496-CB0A7EFFDBCD}.Debug|Any CPU.ActiveCfg = Debug|Any CPU
		{8E536D5E-08D1-441E-9496-CB0A7EFFDBCD}.Debug|Any CPU.Build.0 = Debug|Any CPU
		{8E536D5E-08D1-441E-9496-CB0A7EFFDBCD}.Release|Any CPU.ActiveCfg = Release|Any CPU
		{8E536D5E-08D1-441E-9496-CB0A7EFFDBCD}.Release|Any CPU.Build.0 = Release|Any CPU
	EndGlobalSection
EndGlobal
