
Microsoft Visual Studio Solution File, Format Version 12.00
# Visual Studio 15
Project("{FAE04EC0-301F-11D3-BF4B-00C04F79EFBC}") = "011ArrayManipulator", "011ArrayManipulator\011ArrayManipulator.csproj", "{FA785154-48A4-4D5B-8CC0-37EC32C38574}"
EndProject
Global
	GlobalSection(SolutionConfigurationPlatforms) = preSolution
		Debug|Any CPU = Debug|Any CPU
		Release|Any CPU = Release|Any CPU
	EndGlobalSection
	GlobalSection(ProjectConfigurationPlatforms) = postSolution
		{FA785154-48A4-4D5B-8CC0-37EC32C38574}.Debug|Any CPU.ActiveCfg = Debug|Any CPU
		{FA785154-48A4-4D5B-8CC0-37EC32C38574}.Debug|Any CPU.Build.0 = Debug|Any CPU
		{FA785154-48A4-4D5B-8CC0-37EC32C38574}.Release|Any CPU.ActiveCfg = Release|Any CPU
		{FA785154-48A4-4D5B-8CC0-37EC32C38574}.Release|Any CPU.Build.0 = Release|Any CPU
	EndGlobalSection
EndGlobal
