
Microsoft Visual Studio Solution File, Format Version 12.00
# Visual Studio 15
Project("{FAE04EC0-301F-11D3-BF4B-00C04F79EFBC}") = "0_4BackIn30Min", "0_4BackIn30Min\0_4BackIn30Min.csproj", "{6AFBDF8F-D403-4166-8D81-FC8AA12BAA3A}"
EndProject
Global
	GlobalSection(SolutionConfigurationPlatforms) = preSolution
		Debug|Any CPU = Debug|Any CPU
		Release|Any CPU = Release|Any CPU
	EndGlobalSection
	GlobalSection(ProjectConfigurationPlatforms) = postSolution
		{6AFBDF8F-D403-4166-8D81-FC8AA12BAA3A}.Debug|Any CPU.ActiveCfg = Debug|Any CPU
		{6AFBDF8F-D403-4166-8D81-FC8AA12BAA3A}.Debug|Any CPU.Build.0 = Debug|Any CPU
		{6AFBDF8F-D403-4166-8D81-FC8AA12BAA3A}.Release|Any CPU.ActiveCfg = Release|Any CPU
		{6AFBDF8F-D403-4166-8D81-FC8AA12BAA3A}.Release|Any CPU.Build.0 = Release|Any CPU
	EndGlobalSection
EndGlobal
