
Microsoft Visual Studio Solution File, Format Version 12.00
# Visual Studio 15
Project("{FAE04EC0-301F-11D3-BF4B-00C04F79EFBC}") = "6CardGame", "6CardGame\6CardGame.csproj", "{0011D4AC-AE31-4E64-8048-253CD56D3402}"
EndProject
Global
	GlobalSection(SolutionConfigurationPlatforms) = preSolution
		Debug|Any CPU = Debug|Any CPU
		Release|Any CPU = Release|Any CPU
	EndGlobalSection
	GlobalSection(ProjectConfigurationPlatforms) = postSolution
		{0011D4AC-AE31-4E64-8048-253CD56D3402}.Debug|Any CPU.ActiveCfg = Debug|Any CPU
		{0011D4AC-AE31-4E64-8048-253CD56D3402}.Debug|Any CPU.Build.0 = Debug|Any CPU
		{0011D4AC-AE31-4E64-8048-253CD56D3402}.Release|Any CPU.ActiveCfg = Release|Any CPU
		{0011D4AC-AE31-4E64-8048-253CD56D3402}.Release|Any CPU.Build.0 = Release|Any CPU
	EndGlobalSection
EndGlobal
