
Microsoft Visual Studio Solution File, Format Version 12.00
# Visual Studio 15
Project("{FAE04EC0-301F-11D3-BF4B-00C04F79EFBC}") = "04PasswordValidator", "04PasswordValidator\04PasswordValidator.csproj", "{24C66E91-6554-4A31-B1EC-6E4D1600B5D4}"
EndProject
Global
	GlobalSection(SolutionConfigurationPlatforms) = preSolution
		Debug|Any CPU = Debug|Any CPU
		Release|Any CPU = Release|Any CPU
	EndGlobalSection
	GlobalSection(ProjectConfigurationPlatforms) = postSolution
		{24C66E91-6554-4A31-B1EC-6E4D1600B5D4}.Debug|Any CPU.ActiveCfg = Debug|Any CPU
		{24C66E91-6554-4A31-B1EC-6E4D1600B5D4}.Debug|Any CPU.Build.0 = Debug|Any CPU
		{24C66E91-6554-4A31-B1EC-6E4D1600B5D4}.Release|Any CPU.ActiveCfg = Release|Any CPU
		{24C66E91-6554-4A31-B1EC-6E4D1600B5D4}.Release|Any CPU.Build.0 = Release|Any CPU
	EndGlobalSection
EndGlobal
