
Microsoft Visual Studio Solution File, Format Version 12.00
# Visual Studio 15
Project("{FAE04EC0-301F-11D3-BF4B-00C04F79EFBC}") = "11Snowballs", "11Snowballs\11Snowballs.csproj", "{5737B034-B5A3-46AA-BAEE-EB1032D677D6}"
EndProject
Global
	GlobalSection(SolutionConfigurationPlatforms) = preSolution
		Debug|Any CPU = Debug|Any CPU
		Release|Any CPU = Release|Any CPU
	EndGlobalSection
	GlobalSection(ProjectConfigurationPlatforms) = postSolution
		{5737B034-B5A3-46AA-BAEE-EB1032D677D6}.Debug|Any CPU.ActiveCfg = Debug|Any CPU
		{5737B034-B5A3-46AA-BAEE-EB1032D677D6}.Debug|Any CPU.Build.0 = Debug|Any CPU
		{5737B034-B5A3-46AA-BAEE-EB1032D677D6}.Release|Any CPU.ActiveCfg = Release|Any CPU
		{5737B034-B5A3-46AA-BAEE-EB1032D677D6}.Release|Any CPU.Build.0 = Release|Any CPU
	EndGlobalSection
EndGlobal
