
Microsoft Visual Studio Solution File, Format Version 12.00
# Visual Studio 15
Project("{FAE04EC0-301F-11D3-BF4B-00C04F79EFBC}") = "2SumDigits", "2SumDigits\2SumDigits.csproj", "{93F146B8-195C-4A97-9925-D772028F0EEE}"
EndProject
Global
	GlobalSection(SolutionConfigurationPlatforms) = preSolution
		Debug|Any CPU = Debug|Any CPU
		Release|Any CPU = Release|Any CPU
	EndGlobalSection
	GlobalSection(ProjectConfigurationPlatforms) = postSolution
		{93F146B8-195C-4A97-9925-D772028F0EEE}.Debug|Any CPU.ActiveCfg = Debug|Any CPU
		{93F146B8-195C-4A97-9925-D772028F0EEE}.Debug|Any CPU.Build.0 = Debug|Any CPU
		{93F146B8-195C-4A97-9925-D772028F0EEE}.Release|Any CPU.ActiveCfg = Release|Any CPU
		{93F146B8-195C-4A97-9925-D772028F0EEE}.Release|Any CPU.Build.0 = Release|Any CPU
	EndGlobalSection
EndGlobal
