
Microsoft Visual Studio Solution File, Format Version 12.00
# Visual Studio 15
Project("{FAE04EC0-301F-11D3-BF4B-00C04F79EFBC}") = "4PrintingTriangle", "4PrintingTriangle\4PrintingTriangle.csproj", "{619CC212-6680-40A9-B65E-72BE758668DC}"
EndProject
Global
	GlobalSection(SolutionConfigurationPlatforms) = preSolution
		Debug|Any CPU = Debug|Any CPU
		Release|Any CPU = Release|Any CPU
	EndGlobalSection
	GlobalSection(ProjectConfigurationPlatforms) = postSolution
		{619CC212-6680-40A9-B65E-72BE758668DC}.Debug|Any CPU.ActiveCfg = Debug|Any CPU
		{619CC212-6680-40A9-B65E-72BE758668DC}.Debug|Any CPU.Build.0 = Debug|Any CPU
		{619CC212-6680-40A9-B65E-72BE758668DC}.Release|Any CPU.ActiveCfg = Release|Any CPU
		{619CC212-6680-40A9-B65E-72BE758668DC}.Release|Any CPU.Build.0 = Release|Any CPU
	EndGlobalSection
EndGlobal
