
Microsoft Visual Studio Solution File, Format Version 12.00
# Visual Studio 15
Project("{FAE04EC0-301F-11D3-BF4B-00C04F79EFBC}") = "07NxNMatrix", "07NxNMatrix\07NxNMatrix.csproj", "{0DFEFB6C-120A-45C4-9702-236BDBADECEF}"
EndProject
Global
	GlobalSection(SolutionConfigurationPlatforms) = preSolution
		Debug|Any CPU = Debug|Any CPU
		Release|Any CPU = Release|Any CPU
	EndGlobalSection
	GlobalSection(ProjectConfigurationPlatforms) = postSolution
		{0DFEFB6C-120A-45C4-9702-236BDBADECEF}.Debug|Any CPU.ActiveCfg = Debug|Any CPU
		{0DFEFB6C-120A-45C4-9702-236BDBADECEF}.Debug|Any CPU.Build.0 = Debug|Any CPU
		{0DFEFB6C-120A-45C4-9702-236BDBADECEF}.Release|Any CPU.ActiveCfg = Release|Any CPU
		{0DFEFB6C-120A-45C4-9702-236BDBADECEF}.Release|Any CPU.Build.0 = Release|Any CPU
	EndGlobalSection
EndGlobal
